{
    "_readme": [
        "This file locks the dependencies of your project to a known state",
        "Read more about it at https://getcomposer.org/doc/01-basic-usage.md#composer-lock-the-lock-file",
        "This file is @generated automatically"
    ],
    "hash": "9d0ac0393fe6cbb5dac9d0db45eb5aa8",
    "content-hash": "4feab46358b6310d50cacd402dd8f535",
    "packages": [
        {
            "name": "mautic/api-library",
            "version": "2.12.0",
            "source": {
                "type": "git",
                "url": "https://github.com/mautic/api-library.git",
                "reference": "460f8fad5b4db89f2753777b16fa1d6ac3b1101e"
            },
            "dist": {
                "type": "zip",
                "url": "https://api.github.com/repos/mautic/api-library/zipball/460f8fad5b4db89f2753777b16fa1d6ac3b1101e",
                "reference": "460f8fad5b4db89f2753777b16fa1d6ac3b1101e",
                "shasum": ""
            },
            "require": {
                "ext-curl": "*",
                "php": ">=5.3.7",
                "psr/log": "~1.0"
            },
            "require-dev": {
                "phpunit/phpunit": "~4.8|~5.0",
                "raveren/kint": "~0.9"
            },
            "type": "library",
            "autoload": {
                "psr-4": {
                    "Mautic\\": "lib/"
                }
            },
            "notification-url": "https://packagist.org/downloads/",
            "license": [
                "MIT"
            ],
            "description": "Mautic API Connector Library",
            "time": "2018-02-27 12:51:34"
        },
        {
            "name": "psr/log",
            "version": "1.0.2",
            "source": {
                "type": "git",
                "url": "https://github.com/php-fig/log.git",
                "reference": "4ebe3a8bf773a19edfe0a84b6585ba3d401b724d"
            },
            "dist": {
                "type": "zip",
                "url": "https://api.github.com/repos/php-fig/log/zipball/4ebe3a8bf773a19edfe0a84b6585ba3d401b724d",
                "reference": "4ebe3a8bf773a19edfe0a84b6585ba3d401b724d",
                "shasum": ""
            },
            "require": {
                "php": ">=5.3.0"
            },
            "type": "library",
            "extra": {
                "branch-alias": {
                    "dev-master": "1.0.x-dev"
                }
            },
            "autoload": {
                "psr-4": {
                    "Psr\\Log\\": "Psr/Log/"
                }
            },
            "notification-url": "https://packagist.org/downloads/",
            "license": [
                "MIT"
            ],
            "authors": [
                {
                    "name": "PHP-FIG",
                    "homepage": "http://www.php-fig.org/"
                }
            ],
            "description": "Common interface for logging libraries",
            "homepage": "https://github.com/php-fig/log",
            "keywords": [
                "log",
                "psr",
                "psr-3"
            ],
            "time": "2016-10-10 12:19:37"
        }
    ],
    "packages-dev": [],
    "aliases": [],
    "minimum-stability": "stable",
    "stability-flags": [],
    "prefer-stable": false,
    "prefer-lowest": false,
    "platform": [],
    "platform-dev": []
}
